
Microsoft Visual Studio Solution File, Format Version 12.00
# Visual Studio 15
VisualStudioVersion = 15.0.28010.2016
MinimumVisualStudioVersion = 10.0.40219.1
Project("{FAE04EC0-301F-11D3-BF4B-00C04F79EFBC}") = "OpenCVNetHelper", "OpenCVNetHelper\OpenCVNetHelper.csproj", "{F336F0D9-DF9E-44EE-9D16-DC6B3B7E687C}"
EndProject
Project("{9A19103F-16F7-4668-BE54-9A1E7A4F7556}") = "OpenCV.Net", "horizongir-opencv.net-599f518c7333\OpenCV.Net\OpenCV.Net.csproj", "{F213B68F-8308-4189-9A51-5D34F282A0CA}"
EndProject
Global
	GlobalSection(SolutionConfigurationPlatforms) = preSolution
		Debug|Any CPU = Debug|Any CPU
		Release|Any CPU = Release|Any CPU
	EndGlobalSection
	GlobalSection(ProjectConfigurationPlatforms) = postSolution
		{F336F0D9-DF9E-44EE-9D16-DC6B3B7E687C}.Debug|Any CPU.ActiveCfg = Debug|Any CPU
		{F336F0D9-DF9E-44EE-9D16-DC6B3B7E687C}.Debug|Any CPU.Build.0 = Debug|Any CPU
		{F336F0D9-DF9E-44EE-9D16-DC6B3B7E687C}.Release|Any CPU.ActiveCfg = Release|Any CPU
		{F336F0D9-DF9E-44EE-9D16-DC6B3B7E687C}.Release|Any CPU.Build.0 = Release|Any CPU
		{F213B68F-8308-4189-9A51-5D34F282A0CA}.Debug|Any CPU.ActiveCfg = Debug|Any CPU
		{F213B68F-8308-4189-9A51-5D34F282A0CA}.Debug|Any CPU.Build.0 = Debug|Any CPU
		{F213B68F-8308-4189-9A51-5D34F282A0CA}.Release|Any CPU.ActiveCfg = Release|Any CPU
		{F213B68F-8308-4189-9A51-5D34F282A0CA}.Release|Any CPU.Build.0 = Release|Any CPU
	EndGlobalSection
	GlobalSection(SolutionProperties) = preSolution
		HideSolutionNode = FALSE
	EndGlobalSection
	GlobalSection(ExtensibilityGlobals) = postSolution
		SolutionGuid = {0406EB89-D224-4571-B1A3-0FA88C2AE0A7}
	EndGlobalSection
EndGlobal
